// !$*UTF8*$!
{
	archiveVersion = 1;
	classes = {
	};
	objectVersion = 50;
	objects = {

/* Begin PBXBuildFile section */
		9C34C2F4254EA07800F0E714 /* RegionsTableViewDiffableDataSource.swift in Sources */ = {isa = PBXBuildFile; fileRef = 9C34C2F3254EA07800F0E714 /* RegionsTableViewDiffableDataSource.swift */; };
		9C34C2FC254EF02E00F0E714 /* Region.swift in Sources */ = {isa = PBXBuildFile; fileRef = 9C34C2FB254EF02E00F0E714 /* Region.swift */; };
		9C34C302254F06EF00F0E714 /* BranchTableViewCell.xib in Resources */ = {isa = PBXBuildFile; fileRef = 9C34C301254F06EF00F0E714 /* BranchTableViewCell.xib */; };
		9C34C307254F06F900F0E714 /* BranchTableViewCell.swift in Sources */ = {isa = PBXBuildFile; fileRef = 9C34C306254F06F900F0E714 /* BranchTableViewCell.swift */; };
		9CB04C6E254D3BFF00758E39 /* AppDelegate.swift in Sources */ = {isa = PBXBuildFile; fileRef = 9CB04C6D254D3BFF00758E39 /* AppDelegate.swift */; };
		9CB04C70254D3BFF00758E39 /* SceneDelegate.swift in Sources */ = {isa = PBXBuildFile; fileRef = 9CB04C6F254D3BFF00758E39 /* SceneDelegate.swift */; };
		9CB04C77254D3C0000758E39 /* Assets.xcassets in Resources */ = {isa = PBXBuildFile; fileRef = 9CB04C76254D3C0000758E39 /* Assets.xcassets */; };
		9CB04C7A254D3C0000758E39 /* LaunchScreen.storyboard in Resources */ = {isa = PBXBuildFile; fileRef = 9CB04C78254D3C0000758E39 /* LaunchScreen.storyboard */; };
		9CB04C90254D3C0000758E39 /* BankLocatorUITests.swift in Sources */ = {isa = PBXBuildFile; fileRef = 9CB04C8F254D3C0000758E39 /* BankLocatorUITests.swift */; };
		9CB04CAB254D3EEB00758E39 /* Coordinator.swift in Sources */ = {isa = PBXBuildFile; fileRef = 9CB04CAA254D3EEB00758E39 /* Coordinator.swift */; };
		9CB04CB4254D401500758E39 /* StoryboardBased.swift in Sources */ = {isa = PBXBuildFile; fileRef = 9CB04CB3254D401500758E39 /* StoryboardBased.swift */; };
		9CB04CBF254D42BE00758E39 /* ViewModelType.swift in Sources */ = {isa = PBXBuildFile; fileRef = 9CB04CBE254D42BE00758E39 /* ViewModelType.swift */; };
		9CB04CC4254D472A00758E39 /* BankLocatorCoordinator.swift in Sources */ = {isa = PBXBuildFile; fileRef = 9CB04CC3254D472A00758E39 /* BankLocatorCoordinator.swift */; };
		9CB04CCD254D48E000758E39 /* RegionsViewController.swift in Sources */ = {isa = PBXBuildFile; fileRef = 9CB04CCC254D48E000758E39 /* RegionsViewController.swift */; };
		9CB04CD5254D48F200758E39 /* RegionsViewModel.swift in Sources */ = {isa = PBXBuildFile; fileRef = 9CB04CD4254D48F200758E39 /* RegionsViewModel.swift */; };
		9CB04CE2254D49B600758E39 /* ColorAssets.xcassets in Resources */ = {isa = PBXBuildFile; fileRef = 9CB04CE1254D49B600758E39 /* ColorAssets.xcassets */; };
		9CB04CE7254D49FB00758E39 /* BankLocatorStoryboard.storyboard in Resources */ = {isa = PBXBuildFile; fileRef = 9CB04CE6254D49FB00758E39 /* BankLocatorStoryboard.storyboard */; };
		9CB04CEC254D4A2700758E39 /* RegionDetailsViewController.swift in Sources */ = {isa = PBXBuildFile; fileRef = 9CB04CEB254D4A2700758E39 /* RegionDetailsViewController.swift */; };
		9CB04CF1254D4A3500758E39 /* RegionDetailsViewModel.swift in Sources */ = {isa = PBXBuildFile; fileRef = 9CB04CF0254D4A3500758E39 /* RegionDetailsViewModel.swift */; };
		9CB04CF6254D4A4500758E39 /* DetailsViewController.swift in Sources */ = {isa = PBXBuildFile; fileRef = 9CB04CF5254D4A4500758E39 /* DetailsViewController.swift */; };
		9CB04CFB254D4A5300758E39 /* DetailsViewModel.swift in Sources */ = {isa = PBXBuildFile; fileRef = 9CB04CFA254D4A5300758E39 /* DetailsViewModel.swift */; };
		9CB04D00254D4CDB00758E39 /* ViewControllerType.swift in Sources */ = {isa = PBXBuildFile; fileRef = 9CB04CFF254D4CDB00758E39 /* ViewControllerType.swift */; };
		9CB04D06254D80A200758E39 /* AppError.swift in Sources */ = {isa = PBXBuildFile; fileRef = 9CB04D05254D80A200758E39 /* AppError.swift */; };
		9CB04D0E254D940A00758E39 /* StoryboardName.swift in Sources */ = {isa = PBXBuildFile; fileRef = 9CB04D0D254D940A00758E39 /* StoryboardName.swift */; };
		9CB04D1A254DB47000758E39 /* ApiRouter.swift in Sources */ = {isa = PBXBuildFile; fileRef = 9CB04D19254DB47000758E39 /* ApiRouter.swift */; };
		9CB04D22254DC5F700758E39 /* ApiPath.swift in Sources */ = {isa = PBXBuildFile; fileRef = 9CB04D21254DC5F700758E39 /* ApiPath.swift */; };
		9CB04D2A254DDA3B00758E39 /* NetworkConstants.swift in Sources */ = {isa = PBXBuildFile; fileRef = 9CB04D29254DDA3B00758E39 /* NetworkConstants.swift */; };
		9CB04D32254E430F00758E39 /* Network.swift in Sources */ = {isa = PBXBuildFile; fileRef = 9CB04D31254E430F00758E39 /* Network.swift */; };
		9CB04D3A254E54B000758E39 /* Branch.swift in Sources */ = {isa = PBXBuildFile; fileRef = 9CB04D39254E54B000758E39 /* Branch.swift */; };
		9CB04D43254E779200758E39 /* PersistenceManager.swift in Sources */ = {isa = PBXBuildFile; fileRef = 9CB04D42254E779200758E39 /* PersistenceManager.swift */; };
		9CB04D4C254E839A00758E39 /* Logger.swift in Sources */ = {isa = PBXBuildFile; fileRef = 9CB04D4B254E839A00758E39 /* Logger.swift */; };
		9CB04D54254E8A0000758E39 /* Country.swift in Sources */ = {isa = PBXBuildFile; fileRef = 9CB04D53254E8A0000758E39 /* Country.swift */; };
		9CB30C92254FB2F1007CD701 /* BackgroundFetchManager.swift in Sources */ = {isa = PBXBuildFile; fileRef = 9CB30C91254FB2F1007CD701 /* BackgroundFetchManager.swift */; };
		9CB30C9C25502BD9007CD701 /* NetworkTest.swift in Sources */ = {isa = PBXBuildFile; fileRef = 9CB30C9B25502BD9007CD701 /* NetworkTest.swift */; };
		9CB30CA125503308007CD701 /* DetailsViewModelTest.swift in Sources */ = {isa = PBXBuildFile; fileRef = 9CB30CA025503308007CD701 /* DetailsViewModelTest.swift */; };
		9CB30CA62550388C007CD701 /* BranchTest.swift in Sources */ = {isa = PBXBuildFile; fileRef = 9CB30CA52550388C007CD701 /* BranchTest.swift */; };
		9CB30CAB25503B84007CD701 /* RegionsViewModelTest.swift in Sources */ = {isa = PBXBuildFile; fileRef = 9CB30CAA25503B84007CD701 /* RegionsViewModelTest.swift */; };
		9CB30CB0255041A4007CD701 /* RegionDetailsViewModelTest.swift in Sources */ = {isa = PBXBuildFile; fileRef = 9CB30CAF255041A4007CD701 /* RegionDetailsViewModelTest.swift */; };
		9CB30CB825504446007CD701 /* PersistenceManagerTest.swift in Sources */ = {isa = PBXBuildFile; fileRef = 9CB30CB725504446007CD701 /* PersistenceManagerTest.swift */; };
		9CB30CBD25504793007CD701 /* ApiRouterTest.swift in Sources */ = {isa = PBXBuildFile; fileRef = 9CB30CBC25504793007CD701 /* ApiRouterTest.swift */; };
/* End PBXBuildFile section */

/* Begin PBXContainerItemProxy section */
		9CB04C81254D3C0000758E39 /* PBXContainerItemProxy */ = {
			isa = PBXContainerItemProxy;
			containerPortal = 9CB04C62254D3BFF00758E39 /* Project object */;
			proxyType = 1;
			remoteGlobalIDString = 9CB04C69254D3BFF00758E39;
			remoteInfo = BankLocator;
		};
		9CB04C8C254D3C0000758E39 /* PBXContainerItemProxy */ = {
			isa = PBXContainerItemProxy;
			containerPortal = 9CB04C62254D3BFF00758E39 /* Project object */;
			proxyType = 1;
			remoteGlobalIDString = 9CB04C69254D3BFF00758E39;
			remoteInfo = BankLocator;
		};
/* End PBXContainerItemProxy section */

/* Begin PBXFileReference section */
		9C34C2F3254EA07800F0E714 /* RegionsTableViewDiffableDataSource.swift */ = {isa = PBXFileReference; lastKnownFileType = sourcecode.swift; path = RegionsTableViewDiffableDataSource.swift; sourceTree = "<group>"; };
		9C34C2FB254EF02E00F0E714 /* Region.swift */ = {isa = PBXFileReference; lastKnownFileType = sourcecode.swift; path = Region.swift; sourceTree = "<group>"; };
		9C34C301254F06EF00F0E714 /* BranchTableViewCell.xib */ = {isa = PBXFileReference; lastKnownFileType = file.xib; path = BranchTableViewCell.xib; sourceTree = "<group>"; };
		9C34C306254F06F900F0E714 /* BranchTableViewCell.swift */ = {isa = PBXFileReference; lastKnownFileType = sourcecode.swift; path = BranchTableViewCell.swift; sourceTree = "<group>"; };
		9CB04C6A254D3BFF00758E39 /* BankLocator.app */ = {isa = PBXFileReference; explicitFileType = wrapper.application; includeInIndex = 0; path = BankLocator.app; sourceTree = BUILT_PRODUCTS_DIR; };
		9CB04C6D254D3BFF00758E39 /* AppDelegate.swift */ = {isa = PBXFileReference; lastKnownFileType = sourcecode.swift; path = AppDelegate.swift; sourceTree = "<group>"; };
		9CB04C6F254D3BFF00758E39 /* SceneDelegate.swift */ = {isa = PBXFileReference; lastKnownFileType = sourcecode.swift; path = SceneDelegate.swift; sourceTree = "<group>"; };
		9CB04C76254D3C0000758E39 /* Assets.xcassets */ = {isa = PBXFileReference; lastKnownFileType = folder.assetcatalog; path = Assets.xcassets; sourceTree = "<group>"; };
		9CB04C79254D3C0000758E39 /* Base */ = {isa = PBXFileReference; lastKnownFileType = file.storyboard; name = Base; path = Base.lproj/LaunchScreen.storyboard; sourceTree = "<group>"; };
		9CB04C7B254D3C0000758E39 /* Info.plist */ = {isa = PBXFileReference; lastKnownFileType = text.plist.xml; path = Info.plist; sourceTree = "<group>"; };
		9CB04C80254D3C0000758E39 /* BankLocatorTests.xctest */ = {isa = PBXFileReference; explicitFileType = wrapper.cfbundle; includeInIndex = 0; path = BankLocatorTests.xctest; sourceTree = BUILT_PRODUCTS_DIR; };
		9CB04C86254D3C0000758E39 /* Info.plist */ = {isa = PBXFileReference; lastKnownFileType = text.plist.xml; path = Info.plist; sourceTree = "<group>"; };
		9CB04C8B254D3C0000758E39 /* BankLocatorUITests.xctest */ = {isa = PBXFileReference; explicitFileType = wrapper.cfbundle; includeInIndex = 0; path = BankLocatorUITests.xctest; sourceTree = BUILT_PRODUCTS_DIR; };
		9CB04C8F254D3C0000758E39 /* BankLocatorUITests.swift */ = {isa = PBXFileReference; lastKnownFileType = sourcecode.swift; path = BankLocatorUITests.swift; sourceTree = "<group>"; };
		9CB04C91254D3C0000758E39 /* Info.plist */ = {isa = PBXFileReference; lastKnownFileType = text.plist.xml; path = Info.plist; sourceTree = "<group>"; };
		9CB04CAA254D3EEB00758E39 /* Coordinator.swift */ = {isa = PBXFileReference; lastKnownFileType = sourcecode.swift; path = Coordinator.swift; sourceTree = "<group>"; };
		9CB04CB3254D401500758E39 /* StoryboardBased.swift */ = {isa = PBXFileReference; lastKnownFileType = sourcecode.swift; path = StoryboardBased.swift; sourceTree = "<group>"; };
		9CB04CBE254D42BE00758E39 /* ViewModelType.swift */ = {isa = PBXFileReference; lastKnownFileType = sourcecode.swift; path = ViewModelType.swift; sourceTree = "<group>"; };
		9CB04CC3254D472A00758E39 /* BankLocatorCoordinator.swift */ = {isa = PBXFileReference; lastKnownFileType = sourcecode.swift; path = BankLocatorCoordinator.swift; sourceTree = "<group>"; };
		9CB04CCC254D48E000758E39 /* RegionsViewController.swift */ = {isa = PBXFileReference; lastKnownFileType = sourcecode.swift; path = RegionsViewController.swift; sourceTree = "<group>"; };
		9CB04CD4254D48F200758E39 /* RegionsViewModel.swift */ = {isa = PBXFileReference; lastKnownFileType = sourcecode.swift; path = RegionsViewModel.swift; sourceTree = "<group>"; };
		9CB04CE1254D49B600758E39 /* ColorAssets.xcassets */ = {isa = PBXFileReference; lastKnownFileType = folder.assetcatalog; path = ColorAssets.xcassets; sourceTree = "<group>"; };
		9CB04CE6254D49FB00758E39 /* BankLocatorStoryboard.storyboard */ = {isa = PBXFileReference; lastKnownFileType = file.storyboard; path = BankLocatorStoryboard.storyboard; sourceTree = "<group>"; };
		9CB04CEB254D4A2700758E39 /* RegionDetailsViewController.swift */ = {isa = PBXFileReference; lastKnownFileType = sourcecode.swift; path = RegionDetailsViewController.swift; sourceTree = "<group>"; };
		9CB04CF0254D4A3500758E39 /* RegionDetailsViewModel.swift */ = {isa = PBXFileReference; lastKnownFileType = sourcecode.swift; path = RegionDetailsViewModel.swift; sourceTree = "<group>"; };
		9CB04CF5254D4A4500758E39 /* DetailsViewController.swift */ = {isa = PBXFileReference; lastKnownFileType = sourcecode.swift; path = DetailsViewController.swift; sourceTree = "<group>"; };
		9CB04CFA254D4A5300758E39 /* DetailsViewModel.swift */ = {isa = PBXFileReference; lastKnownFileType = sourcecode.swift; path = DetailsViewModel.swift; sourceTree = "<group>"; };
		9CB04CFF254D4CDB00758E39 /* ViewControllerType.swift */ = {isa = PBXFileReference; lastKnownFileType = sourcecode.swift; path = ViewControllerType.swift; sourceTree = "<group>"; };
		9CB04D05254D80A200758E39 /* AppError.swift */ = {isa = PBXFileReference; lastKnownFileType = sourcecode.swift; path = AppError.swift; sourceTree = "<group>"; };
		9CB04D0D254D940A00758E39 /* StoryboardName.swift */ = {isa = PBXFileReference; lastKnownFileType = sourcecode.swift; path = StoryboardName.swift; sourceTree = "<group>"; };
		9CB04D19254DB47000758E39 /* ApiRouter.swift */ = {isa = PBXFileReference; lastKnownFileType = sourcecode.swift; path = ApiRouter.swift; sourceTree = "<group>"; };
		9CB04D21254DC5F700758E39 /* ApiPath.swift */ = {isa = PBXFileReference; lastKnownFileType = sourcecode.swift; path = ApiPath.swift; sourceTree = "<group>"; };
		9CB04D29254DDA3B00758E39 /* NetworkConstants.swift */ = {isa = PBXFileReference; lastKnownFileType = sourcecode.swift; path = NetworkConstants.swift; sourceTree = "<group>"; };
		9CB04D31254E430F00758E39 /* Network.swift */ = {isa = PBXFileReference; lastKnownFileType = sourcecode.swift; path = Network.swift; sourceTree = "<group>"; };
		9CB04D39254E54B000758E39 /* Branch.swift */ = {isa = PBXFileReference; lastKnownFileType = sourcecode.swift; path = Branch.swift; sourceTree = "<group>"; };
		9CB04D42254E779200758E39 /* PersistenceManager.swift */ = {isa = PBXFileReference; lastKnownFileType = sourcecode.swift; path = PersistenceManager.swift; sourceTree = "<group>"; };
		9CB04D4B254E839A00758E39 /* Logger.swift */ = {isa = PBXFileReference; lastKnownFileType = sourcecode.swift; path = Logger.swift; sourceTree = "<group>"; };
		9CB04D53254E8A0000758E39 /* Country.swift */ = {isa = PBXFileReference; lastKnownFileType = sourcecode.swift; path = Country.swift; sourceTree = "<group>"; };
		9CB30C91254FB2F1007CD701 /* BackgroundFetchManager.swift */ = {isa = PBXFileReference; lastKnownFileType = sourcecode.swift; path = BackgroundFetchManager.swift; sourceTree = "<group>"; };
		9CB30C9B25502BD9007CD701 /* NetworkTest.swift */ = {isa = PBXFileReference; lastKnownFileType = sourcecode.swift; path = NetworkTest.swift; sourceTree = "<group>"; };
		9CB30CA025503308007CD701 /* DetailsViewModelTest.swift */ = {isa = PBXFileReference; lastKnownFileType = sourcecode.swift; path = DetailsViewModelTest.swift; sourceTree = "<group>"; };
		9CB30CA52550388C007CD701 /* BranchTest.swift */ = {isa = PBXFileReference; lastKnownFileType = sourcecode.swift; path = BranchTest.swift; sourceTree = "<group>"; };
		9CB30CAA25503B84007CD701 /* RegionsViewModelTest.swift */ = {isa = PBXFileReference; lastKnownFileType = sourcecode.swift; path = RegionsViewModelTest.swift; sourceTree = "<group>"; };
		9CB30CAF255041A4007CD701 /* RegionDetailsViewModelTest.swift */ = {isa = PBXFileReference; lastKnownFileType = sourcecode.swift; path = RegionDetailsViewModelTest.swift; sourceTree = "<group>"; };
		9CB30CB725504446007CD701 /* PersistenceManagerTest.swift */ = {isa = PBXFileReference; lastKnownFileType = sourcecode.swift; path = PersistenceManagerTest.swift; sourceTree = "<group>"; };
		9CB30CBC25504793007CD701 /* ApiRouterTest.swift */ = {isa = PBXFileReference; lastKnownFileType = sourcecode.swift; path = ApiRouterTest.swift; sourceTree = "<group>"; };
/* End PBXFileReference section */

/* Begin PBXFrameworksBuildPhase section */
		9CB04C67254D3BFF00758E39 /* Frameworks */ = {
			isa = PBXFrameworksBuildPhase;
			buildActionMask = 2147483647;
			files = (
			);
			runOnlyForDeploymentPostprocessing = 0;
		};
		9CB04C7D254D3C0000758E39 /* Frameworks */ = {
			isa = PBXFrameworksBuildPhase;
			buildActionMask = 2147483647;
			files = (
			);
			runOnlyForDeploymentPostprocessing = 0;
		};
		9CB04C88254D3C0000758E39 /* Frameworks */ = {
			isa = PBXFrameworksBuildPhase;
			buildActionMask = 2147483647;
			files = (
			);
			runOnlyForDeploymentPostprocessing = 0;
		};
/* End PBXFrameworksBuildPhase section */

/* Begin PBXGroup section */
		9C34C300254F04EE00F0E714 /* View */ = {
			isa = PBXGroup;
			children = (
				9C34C301254F06EF00F0E714 /* BranchTableViewCell.xib */,
				9C34C306254F06F900F0E714 /* BranchTableViewCell.swift */,
			);
			path = View;
			sourceTree = "<group>";
		};
		9CB04C61254D3BFF00758E39 = {
			isa = PBXGroup;
			children = (
				9CB04C6C254D3BFF00758E39 /* BankLocator */,
				9CB04C83254D3C0000758E39 /* BankLocatorTests */,
				9CB04C8E254D3C0000758E39 /* BankLocatorUITests */,
				9CB04C6B254D3BFF00758E39 /* Products */,
			);
			sourceTree = "<group>";
		};
		9CB04C6B254D3BFF00758E39 /* Products */ = {
			isa = PBXGroup;
			children = (
				9CB04C6A254D3BFF00758E39 /* BankLocator.app */,
				9CB04C80254D3C0000758E39 /* BankLocatorTests.xctest */,
				9CB04C8B254D3C0000758E39 /* BankLocatorUITests.xctest */,
			);
			name = Products;
			sourceTree = "<group>";
		};
		9CB04C6C254D3BFF00758E39 /* BankLocator */ = {
			isa = PBXGroup;
			children = (
				9CB04D4A254E835F00758E39 /* Utilities */,
				9CB04D41254E777400758E39 /* Managers */,
				9CB04D37254E531200758E39 /* Data */,
				9CB04D18254DB2DE00758E39 /* Network */,
				9CB04D04254D808700758E39 /* Error */,
				9CB04CC8254D479D00758E39 /* Features */,
				9CB04CB2254D3FDE00758E39 /* Protocol */,
				9CB04CA9254D3ED200758E39 /* Coordinator */,
				9CB04CDC254D493700758E39 /* Resources */,
				9CB04C6D254D3BFF00758E39 /* AppDelegate.swift */,
				9CB04C6F254D3BFF00758E39 /* SceneDelegate.swift */,
				9CB04C78254D3C0000758E39 /* LaunchScreen.storyboard */,
				9CB04C7B254D3C0000758E39 /* Info.plist */,
			);
			path = BankLocator;
			sourceTree = "<group>";
		};
		9CB04C83254D3C0000758E39 /* BankLocatorTests */ = {
			isa = PBXGroup;
			children = (
				9CB04C86254D3C0000758E39 /* Info.plist */,
				9CB30C9B25502BD9007CD701 /* NetworkTest.swift */,
				9CB30CA025503308007CD701 /* DetailsViewModelTest.swift */,
				9CB30CA52550388C007CD701 /* BranchTest.swift */,
				9CB30CAA25503B84007CD701 /* RegionsViewModelTest.swift */,
				9CB30CAF255041A4007CD701 /* RegionDetailsViewModelTest.swift */,
				9CB30CB725504446007CD701 /* PersistenceManagerTest.swift */,
				9CB30CBC25504793007CD701 /* ApiRouterTest.swift */,
			);
			path = BankLocatorTests;
			sourceTree = "<group>";
		};
		9CB04C8E254D3C0000758E39 /* BankLocatorUITests */ = {
			isa = PBXGroup;
			children = (
				9CB04C8F254D3C0000758E39 /* BankLocatorUITests.swift */,
				9CB04C91254D3C0000758E39 /* Info.plist */,
			);
			path = BankLocatorUITests;
			sourceTree = "<group>";
		};
		9CB04CA9254D3ED200758E39 /* Coordinator */ = {
			isa = PBXGroup;
			children = (
				9CB04CAA254D3EEB00758E39 /* Coordinator.swift */,
				9CB04CC3254D472A00758E39 /* BankLocatorCoordinator.swift */,
			);
			path = Coordinator;
			sourceTree = "<group>";
		};
		9CB04CB2254D3FDE00758E39 /* Protocol */ = {
			isa = PBXGroup;
			children = (
				9CB04CB3254D401500758E39 /* StoryboardBased.swift */,
				9CB04CBE254D42BE00758E39 /* ViewModelType.swift */,
				9CB04CFF254D4CDB00758E39 /* ViewControllerType.swift */,
			);
			path = Protocol;
			sourceTree = "<group>";
		};
		9CB04CC8254D479D00758E39 /* Features */ = {
			isa = PBXGroup;
			children = (
				9CB04CC9254D485400758E39 /* Regions */,
				9CB04CCA254D486C00758E39 /* RegionDetails */,
				9CB04CCB254D488600758E39 /* Details */,
			);
			path = Features;
			sourceTree = "<group>";
		};
		9CB04CC9254D485400758E39 /* Regions */ = {
			isa = PBXGroup;
			children = (
				9CB04CCC254D48E000758E39 /* RegionsViewController.swift */,
				9CB04CD4254D48F200758E39 /* RegionsViewModel.swift */,
				9C34C2F3254EA07800F0E714 /* RegionsTableViewDiffableDataSource.swift */,
			);
			path = Regions;
			sourceTree = "<group>";
		};
		9CB04CCA254D486C00758E39 /* RegionDetails */ = {
			isa = PBXGroup;
			children = (
				9C34C300254F04EE00F0E714 /* View */,
				9CB04CEB254D4A2700758E39 /* RegionDetailsViewController.swift */,
				9CB04CF0254D4A3500758E39 /* RegionDetailsViewModel.swift */,
			);
			path = RegionDetails;
			sourceTree = "<group>";
		};
		9CB04CCB254D488600758E39 /* Details */ = {
			isa = PBXGroup;
			children = (
				9CB04CF5254D4A4500758E39 /* DetailsViewController.swift */,
				9CB04CFA254D4A5300758E39 /* DetailsViewModel.swift */,
			);
			path = Details;
			sourceTree = "<group>";
		};
		9CB04CDC254D493700758E39 /* Resources */ = {
			isa = PBXGroup;
			children = (
				9CB04CE0254D497600758E39 /* Storyboards */,
				9CB04C76254D3C0000758E39 /* Assets.xcassets */,
				9CB04CE1254D49B600758E39 /* ColorAssets.xcassets */,
			);
			path = Resources;
			sourceTree = "<group>";
		};
		9CB04CE0254D497600758E39 /* Storyboards */ = {
			isa = PBXGroup;
			children = (
				9CB04CE6254D49FB00758E39 /* BankLocatorStoryboard.storyboard */,
				9CB04D0D254D940A00758E39 /* StoryboardName.swift */,
			);
			path = Storyboards;
			sourceTree = "<group>";
		};
		9CB04D04254D808700758E39 /* Error */ = {
			isa = PBXGroup;
			children = (
				9CB04D05254D80A200758E39 /* AppError.swift */,
			);
			path = Error;
			sourceTree = "<group>";
		};
		9CB04D18254DB2DE00758E39 /* Network */ = {
			isa = PBXGroup;
			children = (
				9CB04D19254DB47000758E39 /* ApiRouter.swift */,
				9CB04D21254DC5F700758E39 /* ApiPath.swift */,
				9CB04D29254DDA3B00758E39 /* NetworkConstants.swift */,
				9CB04D31254E430F00758E39 /* Network.swift */,
			);
			path = Network;
			sourceTree = "<group>";
		};
		9CB04D37254E531200758E39 /* Data */ = {
			isa = PBXGroup;
			children = (
				9CB04D38254E531B00758E39 /* Model */,
			);
			path = Data;
			sourceTree = "<group>";
		};
		9CB04D38254E531B00758E39 /* Model */ = {
			isa = PBXGroup;
			children = (
				9CB04D39254E54B000758E39 /* Branch.swift */,
				9CB04D53254E8A0000758E39 /* Country.swift */,
				9C34C2FB254EF02E00F0E714 /* Region.swift */,
			);
			path = Model;
			sourceTree = "<group>";
		};
		9CB04D41254E777400758E39 /* Managers */ = {
			isa = PBXGroup;
			children = (
				9CB04D42254E779200758E39 /* PersistenceManager.swift */,
				9CB30C91254FB2F1007CD701 /* BackgroundFetchManager.swift */,
			);
			path = Managers;
			sourceTree = "<group>";
		};
		9CB04D4A254E835F00758E39 /* Utilities */ = {
			isa = PBXGroup;
			children = (
				9CB04D4B254E839A00758E39 /* Logger.swift */,
			);
			path = Utilities;
			sourceTree = "<group>";
		};
/* End PBXGroup section */

/* Begin PBXNativeTarget section */
		9CB04C69254D3BFF00758E39 /* BankLocator */ = {
			isa = PBXNativeTarget;
			buildConfigurationList = 9CB04C94254D3C0000758E39 /* Build configuration list for PBXNativeTarget "BankLocator" */;
			buildPhases = (
				9CB04C66254D3BFF00758E39 /* Sources */,
				9CB04C67254D3BFF00758E39 /* Frameworks */,
				9CB04C68254D3BFF00758E39 /* Resources */,
			);
			buildRules = (
			);
			dependencies = (
			);
			name = BankLocator;
			productName = BankLocator;
			productReference = 9CB04C6A254D3BFF00758E39 /* BankLocator.app */;
			productType = "com.apple.product-type.application";
		};
		9CB04C7F254D3C0000758E39 /* BankLocatorTests */ = {
			isa = PBXNativeTarget;
			buildConfigurationList = 9CB04C97254D3C0000758E39 /* Build configuration list for PBXNativeTarget "BankLocatorTests" */;
			buildPhases = (
				9CB04C7C254D3C0000758E39 /* Sources */,
				9CB04C7D254D3C0000758E39 /* Frameworks */,
				9CB04C7E254D3C0000758E39 /* Resources */,
			);
			buildRules = (
			);
			dependencies = (
				9CB04C82254D3C0000758E39 /* PBXTargetDependency */,
			);
			name = BankLocatorTests;
			productName = BankLocatorTests;
			productReference = 9CB04C80254D3C0000758E39 /* BankLocatorTests.xctest */;
			productType = "com.apple.product-type.bundle.unit-test";
		};
		9CB04C8A254D3C0000758E39 /* BankLocatorUITests */ = {
			isa = PBXNativeTarget;
			buildConfigurationList = 9CB04C9A254D3C0000758E39 /* Build configuration list for PBXNativeTarget "BankLocatorUITests" */;
			buildPhases = (
				9CB04C87254D3C0000758E39 /* Sources */,
				9CB04C88254D3C0000758E39 /* Frameworks */,
				9CB04C89254D3C0000758E39 /* Resources */,
			);
			buildRules = (
			);
			dependencies = (
				9CB04C8D254D3C0000758E39 /* PBXTargetDependency */,
			);
			name = BankLocatorUITests;
			productName = BankLocatorUITests;
			productReference = 9CB04C8B254D3C0000758E39 /* BankLocatorUITests.xctest */;
			productType = "com.apple.product-type.bundle.ui-testing";
		};
/* End PBXNativeTarget section */

/* Begin PBXProject section */
		9CB04C62254D3BFF00758E39 /* Project object */ = {
			isa = PBXProject;
			attributes = {
				LastSwiftUpdateCheck = 1210;
				LastUpgradeCheck = 1210;
				TargetAttributes = {
					9CB04C69254D3BFF00758E39 = {
						CreatedOnToolsVersion = 12.1;
					};
					9CB04C7F254D3C0000758E39 = {
						CreatedOnToolsVersion = 12.1;
						TestTargetID = 9CB04C69254D3BFF00758E39;
					};
					9CB04C8A254D3C0000758E39 = {
						CreatedOnToolsVersion = 12.1;
						TestTargetID = 9CB04C69254D3BFF00758E39;
					};
				};
			};
			buildConfigurationList = 9CB04C65254D3BFF00758E39 /* Build configuration list for PBXProject "BankLocator" */;
			compatibilityVersion = "Xcode 9.3";
			developmentRegion = en;
			hasScannedForEncodings = 0;
			knownRegions = (
				en,
				Base,
			);
			mainGroup = 9CB04C61254D3BFF00758E39;
			productRefGroup = 9CB04C6B254D3BFF00758E39 /* Products */;
			projectDirPath = "";
			projectRoot = "";
			targets = (
				9CB04C69254D3BFF00758E39 /* BankLocator */,
				9CB04C7F254D3C0000758E39 /* BankLocatorTests */,
				9CB04C8A254D3C0000758E39 /* BankLocatorUITests */,
			);
		};
/* End PBXProject section */

/* Begin PBXResourcesBuildPhase section */
		9CB04C68254D3BFF00758E39 /* Resources */ = {
			isa = PBXResourcesBuildPhase;
			buildActionMask = 2147483647;
			files = (
				9CB04CE7254D49FB00758E39 /* BankLocatorStoryboard.storyboard in Resources */,
				9CB04C7A254D3C0000758E39 /* LaunchScreen.storyboard in Resources */,
				9CB04CE2254D49B600758E39 /* ColorAssets.xcassets in Resources */,
				9C34C302254F06EF00F0E714 /* BranchTableViewCell.xib in Resources */,
				9CB04C77254D3C0000758E39 /* Assets.xcassets in Resources */,
			);
			runOnlyForDeploymentPostprocessing = 0;
		};
		9CB04C7E254D3C0000758E39 /* Resources */ = {
			isa = PBXResourcesBuildPhase;
			buildActionMask = 2147483647;
			files = (
			);
			runOnlyForDeploymentPostprocessing = 0;
		};
		9CB04C89254D3C0000758E39 /* Resources */ = {
			isa = PBXResourcesBuildPhase;
			buildActionMask = 2147483647;
			files = (
			);
			runOnlyForDeploymentPostprocessing = 0;
		};
/* End PBXResourcesBuildPhase section */

/* Begin PBXSourcesBuildPhase section */
		9CB04C66254D3BFF00758E39 /* Sources */ = {
			isa = PBXSourcesBuildPhase;
			buildActionMask = 2147483647;
			files = (
				9CB04D54254E8A0000758E39 /* Country.swift in Sources */,
				9CB04CAB254D3EEB00758E39 /* Coordinator.swift in Sources */,
				9CB04D4C254E839A00758E39 /* Logger.swift in Sources */,
				9CB04CC4254D472A00758E39 /* BankLocatorCoordinator.swift in Sources */,
				9CB04CBF254D42BE00758E39 /* ViewModelType.swift in Sources */,
				9C34C2F4254EA07800F0E714 /* RegionsTableViewDiffableDataSource.swift in Sources */,
				9CB04CF6254D4A4500758E39 /* DetailsViewController.swift in Sources */,
				9CB04CEC254D4A2700758E39 /* RegionDetailsViewController.swift in Sources */,
				9CB30C92254FB2F1007CD701 /* BackgroundFetchManager.swift in Sources */,
				9CB04D2A254DDA3B00758E39 /* NetworkConstants.swift in Sources */,
				9CB04D1A254DB47000758E39 /* ApiRouter.swift in Sources */,
				9CB04CCD254D48E000758E39 /* RegionsViewController.swift in Sources */,
				9CB04D0E254D940A00758E39 /* StoryboardName.swift in Sources */,
				9CB04D06254D80A200758E39 /* AppError.swift in Sources */,
				9CB04CF1254D4A3500758E39 /* RegionDetailsViewModel.swift in Sources */,
				9CB04CD5254D48F200758E39 /* RegionsViewModel.swift in Sources */,
				9CB04D32254E430F00758E39 /* Network.swift in Sources */,
				9CB04C6E254D3BFF00758E39 /* AppDelegate.swift in Sources */,
				9CB04CB4254D401500758E39 /* StoryboardBased.swift in Sources */,
				9C34C2FC254EF02E00F0E714 /* Region.swift in Sources */,
				9C34C307254F06F900F0E714 /* BranchTableViewCell.swift in Sources */,
				9CB04D43254E779200758E39 /* PersistenceManager.swift in Sources */,
				9CB04C70254D3BFF00758E39 /* SceneDelegate.swift in Sources */,
				9CB04D22254DC5F700758E39 /* ApiPath.swift in Sources */,
				9CB04D3A254E54B000758E39 /* Branch.swift in Sources */,
				9CB04CFB254D4A5300758E39 /* DetailsViewModel.swift in Sources */,
				9CB04D00254D4CDB00758E39 /* ViewControllerType.swift in Sources */,
			);
			runOnlyForDeploymentPostprocessing = 0;
		};
		9CB04C7C254D3C0000758E39 /* Sources */ = {
			isa = PBXSourcesBuildPhase;
			buildActionMask = 2147483647;
			files = (
				9CB30C9C25502BD9007CD701 /* NetworkTest.swift in Sources */,
				9CB30CB825504446007CD701 /* PersistenceManagerTest.swift in Sources */,
				9CB30CAB25503B84007CD701 /* RegionsViewModelTest.swift in Sources */,
				9CB30CB0255041A4007CD701 /* RegionDetailsViewModelTest.swift in Sources */,
				9CB30CBD25504793007CD701 /* ApiRouterTest.swift in Sources */,
				9CB30CA62550388C007CD701 /* BranchTest.swift in Sources */,
				9CB30CA125503308007CD701 /* DetailsViewModelTest.swift in Sources */,
			);
			runOnlyForDeploymentPostprocessing = 0;
		};
		9CB04C87254D3C0000758E39 /* Sources */ = {
			isa = PBXSourcesBuildPhase;
			buildActionMask = 2147483647;
			files = (
				9CB04C90254D3C0000758E39 /* BankLocatorUITests.swift in Sources */,
			);
			runOnlyForDeploymentPostprocessing = 0;
		};
/* End PBXSourcesBuildPhase section */

/* Begin PBXTargetDependency section */
		9CB04C82254D3C0000758E39 /* PBXTargetDependency */ = {
			isa = PBXTargetDependency;
			target = 9CB04C69254D3BFF00758E39 /* BankLocator */;
			targetProxy = 9CB04C81254D3C0000758E39 /* PBXContainerItemProxy */;
		};
		9CB04C8D254D3C0000758E39 /* PBXTargetDependency */ = {
			isa = PBXTargetDependency;
			target = 9CB04C69254D3BFF00758E39 /* BankLocator */;
			targetProxy = 9CB04C8C254D3C0000758E39 /* PBXContainerItemProxy */;
		};
/* End PBXTargetDependency section */

/* Begin PBXVariantGroup section */
		9CB04C78254D3C0000758E39 /* LaunchScreen.storyboard */ = {
			isa = PBXVariantGroup;
			children = (
				9CB04C79254D3C0000758E39 /* Base */,
			);
			name = LaunchScreen.storyboard;
			sourceTree = "<group>";
		};
/* End PBXVariantGroup section */

/* Begin XCBuildConfiguration section */
		9CB04C92254D3C0000758E39 /* Debug */ = {
			isa = XCBuildConfiguration;
			buildSettings = {
				ALWAYS_SEARCH_USER_PATHS = NO;
				CLANG_ANALYZER_NONNULL = YES;
				CLANG_ANALYZER_NUMBER_OBJECT_CONVERSION = YES_AGGRESSIVE;
				CLANG_CXX_LANGUAGE_STANDARD = "gnu++14";
				CLANG_CXX_LIBRARY = "libc++";
				CLANG_ENABLE_MODULES = YES;
				CLANG_ENABLE_OBJC_ARC = YES;
				CLANG_ENABLE_OBJC_WEAK = YES;
				CLANG_WARN_BLOCK_CAPTURE_AUTORELEASING = YES;
				CLANG_WARN_BOOL_CONVERSION = YES;
				CLANG_WARN_COMMA = YES;
				CLANG_WARN_CONSTANT_CONVERSION = YES;
				CLANG_WARN_DEPRECATED_OBJC_IMPLEMENTATIONS = YES;
				CLANG_WARN_DIRECT_OBJC_ISA_USAGE = YES_ERROR;
				CLANG_WARN_DOCUMENTATION_COMMENTS = YES;
				CLANG_WARN_EMPTY_BODY = YES;
				CLANG_WARN_ENUM_CONVERSION = YES;
				CLANG_WARN_INFINITE_RECURSION = YES;
				CLANG_WARN_INT_CONVERSION = YES;
				CLANG_WARN_NON_LITERAL_NULL_CONVERSION = YES;
				CLANG_WARN_OBJC_IMPLICIT_RETAIN_SELF = YES;
				CLANG_WARN_OBJC_LITERAL_CONVERSION = YES;
				CLANG_WARN_OBJC_ROOT_CLASS = YES_ERROR;
				CLANG_WARN_QUOTED_INCLUDE_IN_FRAMEWORK_HEADER = YES;
				CLANG_WARN_RANGE_LOOP_ANALYSIS = YES;
				CLANG_WARN_STRICT_PROTOTYPES = YES;
				CLANG_WARN_SUSPICIOUS_MOVE = YES;
				CLANG_WARN_UNGUARDED_AVAILABILITY = YES_AGGRESSIVE;
				CLANG_WARN_UNREACHABLE_CODE = YES;
				CLANG_WARN__DUPLICATE_METHOD_MATCH = YES;
				COPY_PHASE_STRIP = NO;
				DEBUG_INFORMATION_FORMAT = dwarf;
				ENABLE_STRICT_OBJC_MSGSEND = YES;
				ENABLE_TESTABILITY = YES;
				GCC_C_LANGUAGE_STANDARD = gnu11;
				GCC_DYNAMIC_NO_PIC = NO;
				GCC_NO_COMMON_BLOCKS = YES;
				GCC_OPTIMIZATION_LEVEL = 0;
				GCC_PREPROCESSOR_DEFINITIONS = (
					"DEBUG=1",
					"$(inherited)",
				);
				GCC_WARN_64_TO_32_BIT_CONVERSION = YES;
				GCC_WARN_ABOUT_RETURN_TYPE = YES_ERROR;
				GCC_WARN_UNDECLARED_SELECTOR = YES;
				GCC_WARN_UNINITIALIZED_AUTOS = YES_AGGRESSIVE;
				GCC_WARN_UNUSED_FUNCTION = YES;
				GCC_WARN_UNUSED_VARIABLE = YES;
				IPHONEOS_DEPLOYMENT_TARGET = 14.0;
				MTL_ENABLE_DEBUG_INFO = INCLUDE_SOURCE;
				MTL_FAST_MATH = YES;
				ONLY_ACTIVE_ARCH = YES;
				SDKROOT = iphoneos;
				SWIFT_ACTIVE_COMPILATION_CONDITIONS = DEBUG;
				SWIFT_OPTIMIZATION_LEVEL = "-Onone";
			};
			name = Debug;
		};
		9CB04C93254D3C0000758E39 /* Release */ = {
			isa = XCBuildConfiguration;
			buildSettings = {
				ALWAYS_SEARCH_USER_PATHS = NO;
				CLANG_ANALYZER_NONNULL = YES;
				CLANG_ANALYZER_NUMBER_OBJECT_CONVERSION = YES_AGGRESSIVE;
				CLANG_CXX_LANGUAGE_STANDARD = "gnu++14";
				CLANG_CXX_LIBRARY = "libc++";
				CLANG_ENABLE_MODULES = YES;
				CLANG_ENABLE_OBJC_ARC = YES;
				CLANG_ENABLE_OBJC_WEAK = YES;
				CLANG_WARN_BLOCK_CAPTURE_AUTORELEASING = YES;
				CLANG_WARN_BOOL_CONVERSION = YES;
				CLANG_WARN_COMMA = YES;
				CLANG_WARN_CONSTANT_CONVERSION = YES;
				CLANG_WARN_DEPRECATED_OBJC_IMPLEMENTATIONS = YES;
				CLANG_WARN_DIRECT_OBJC_ISA_USAGE = YES_ERROR;
				CLANG_WARN_DOCUMENTATION_COMMENTS = YES;
				CLANG_WARN_EMPTY_BODY = YES;
				CLANG_WARN_ENUM_CONVERSION = YES;
				CLANG_WARN_INFINITE_RECURSION = YES;
				CLANG_WARN_INT_CONVERSION = YES;
				CLANG_WARN_NON_LITERAL_NULL_CONVERSION = YES;
				CLANG_WARN_OBJC_IMPLICIT_RETAIN_SELF = YES;
				CLANG_WARN_OBJC_LITERAL_CONVERSION = YES;
				CLANG_WARN_OBJC_ROOT_CLASS = YES_ERROR;
				CLANG_WARN_QUOTED_INCLUDE_IN_FRAMEWORK_HEADER = YES;
				CLANG_WARN_RANGE_LOOP_ANALYSIS = YES;
				CLANG_WARN_STRICT_PROTOTYPES = YES;
				CLANG_WARN_SUSPICIOUS_MOVE = YES;
				CLANG_WARN_UNGUARDED_AVAILABILITY = YES_AGGRESSIVE;
				CLANG_WARN_UNREACHABLE_CODE = YES;
				CLANG_WARN__DUPLICATE_METHOD_MATCH = YES;
				COPY_PHASE_STRIP = NO;
				DEBUG_INFORMATION_FORMAT = "dwarf-with-dsym";
				ENABLE_NS_ASSERTIONS = NO;
				ENABLE_STRICT_OBJC_MSGSEND = YES;
				GCC_C_LANGUAGE_STANDARD = gnu11;
				GCC_NO_COMMON_BLOCKS = YES;
				GCC_WARN_64_TO_32_BIT_CONVERSION = YES;
				GCC_WARN_ABOUT_RETURN_TYPE = YES_ERROR;
				GCC_WARN_UNDECLARED_SELECTOR = YES;
				GCC_WARN_UNINITIALIZED_AUTOS = YES_AGGRESSIVE;
				GCC_WARN_UNUSED_FUNCTION = YES;
				GCC_WARN_UNUSED_VARIABLE = YES;
				IPHONEOS_DEPLOYMENT_TARGET = 14.0;
				MTL_ENABLE_DEBUG_INFO = NO;
				MTL_FAST_MATH = YES;
				SDKROOT = iphoneos;
				SWIFT_COMPILATION_MODE = wholemodule;
				SWIFT_OPTIMIZATION_LEVEL = "-O";
				VALIDATE_PRODUCT = YES;
			};
			name = Release;
		};
		9CB04C95254D3C0000758E39 /* Debug */ = {
			isa = XCBuildConfiguration;
			buildSettings = {
				ASSETCATALOG_COMPILER_APPICON_NAME = AppIcon;
				ASSETCATALOG_COMPILER_GLOBAL_ACCENT_COLOR_NAME = AccentColor;
				CODE_SIGN_STYLE = Automatic;
				DEVELOPMENT_TEAM = 9ZRS9362HF;
				INFOPLIST_FILE = BankLocator/Info.plist;
				LD_RUNPATH_SEARCH_PATHS = (
					"$(inherited)",
					"@executable_path/Frameworks",
				);
				PRODUCT_BUNDLE_IDENTIFIER = bd.com.banklocator;
				PRODUCT_NAME = "$(TARGET_NAME)";
				SWIFT_VERSION = 5.0;
				TARGETED_DEVICE_FAMILY = "1,2";
			};
			name = Debug;
		};
		9CB04C96254D3C0000758E39 /* Release */ = {
			isa = XCBuildConfiguration;
			buildSettings = {
				ASSETCATALOG_COMPILER_APPICON_NAME = AppIcon;
				ASSETCATALOG_COMPILER_GLOBAL_ACCENT_COLOR_NAME = AccentColor;
				CODE_SIGN_STYLE = Automatic;
				DEVELOPMENT_TEAM = 9ZRS9362HF;
				INFOPLIST_FILE = BankLocator/Info.plist;
				LD_RUNPATH_SEARCH_PATHS = (
					"$(inherited)",
					"@executable_path/Frameworks",
				);
				PRODUCT_BUNDLE_IDENTIFIER = bd.com.banklocator;
				PRODUCT_NAME = "$(TARGET_NAME)";
				SWIFT_VERSION = 5.0;
				TARGETED_DEVICE_FAMILY = "1,2";
			};
			name = Release;
		};
		9CB04C98254D3C0000758E39 /* Debug */ = {
			isa = XCBuildConfiguration;
			buildSettings = {
				ALWAYS_EMBED_SWIFT_STANDARD_LIBRARIES = YES;
				BUNDLE_LOADER = "$(TEST_HOST)";
				CODE_SIGN_STYLE = Automatic;
				DEVELOPMENT_TEAM = 9ZRS9362HF;
				INFOPLIST_FILE = BankLocatorTests/Info.plist;
				IPHONEOS_DEPLOYMENT_TARGET = 14.1;
				LD_RUNPATH_SEARCH_PATHS = (
					"$(inherited)",
					"@executable_path/Frameworks",
					"@loader_path/Frameworks",
				);
				PRODUCT_BUNDLE_IDENTIFIER = bd.com.banklocator.BankLocatorTests;
				PRODUCT_NAME = "$(TARGET_NAME)";
				SWIFT_VERSION = 5.0;
				TARGETED_DEVICE_FAMILY = "1,2";
				TEST_HOST = "$(BUILT_PRODUCTS_DIR)/BankLocator.app/BankLocator";
			};
			name = Debug;
		};
		9CB04C99254D3C0000758E39 /* Release */ = {
			isa = XCBuildConfiguration;
			buildSettings = {
				ALWAYS_EMBED_SWIFT_STANDARD_LIBRARIES = YES;
				BUNDLE_LOADER = "$(TEST_HOST)";
				CODE_SIGN_STYLE = Automatic;
				DEVELOPMENT_TEAM = 9ZRS9362HF;
				INFOPLIST_FILE = BankLocatorTests/Info.plist;
				IPHONEOS_DEPLOYMENT_TARGET = 14.1;
				LD_RUNPATH_SEARCH_PATHS = (
					"$(inherited)",
					"@executable_path/Frameworks",
					"@loader_path/Frameworks",
				);
				PRODUCT_BUNDLE_IDENTIFIER = bd.com.banklocator.BankLocatorTests;
				PRODUCT_NAME = "$(TARGET_NAME)";
				SWIFT_VERSION = 5.0;
				TARGETED_DEVICE_FAMILY = "1,2";
				TEST_HOST = "$(BUILT_PRODUCTS_DIR)/BankLocator.app/BankLocator";
			};
			name = Release;
		};
		9CB04C9B254D3C0000758E39 /* Debug */ = {
			isa = XCBuildConfiguration;
			buildSettings = {
				ALWAYS_EMBED_SWIFT_STANDARD_LIBRARIES = YES;
				CODE_SIGN_STYLE = Automatic;
				DEVELOPMENT_TEAM = 9ZRS9362HF;
				INFOPLIST_FILE = BankLocatorUITests/Info.plist;
				LD_RUNPATH_SEARCH_PATHS = (
					"$(inherited)",
					"@executable_path/Frameworks",
					"@loader_path/Frameworks",
				);
				PRODUCT_BUNDLE_IDENTIFIER = bd.com.banklocator.BankLocatorUITests;
				PRODUCT_NAME = "$(TARGET_NAME)";
				SWIFT_VERSION = 5.0;
				TARGETED_DEVICE_FAMILY = "1,2";
				TEST_TARGET_NAME = BankLocator;
			};
			name = Debug;
		};
		9CB04C9C254D3C0000758E39 /* Release */ = {
			isa = XCBuildConfiguration;
			buildSettings = {
				ALWAYS_EMBED_SWIFT_STANDARD_LIBRARIES = YES;
				CODE_SIGN_STYLE = Automatic;
				DEVELOPMENT_TEAM = 9ZRS9362HF;
				INFOPLIST_FILE = BankLocatorUITests/Info.plist;
				LD_RUNPATH_SEARCH_PATHS = (
					"$(inherited)",
					"@executable_path/Frameworks",
					"@loader_path/Frameworks",
				);
				PRODUCT_BUNDLE_IDENTIFIER = bd.com.banklocator.BankLocatorUITests;
				PRODUCT_NAME = "$(TARGET_NAME)";
				SWIFT_VERSION = 5.0;
				TARGETED_DEVICE_FAMILY = "1,2";
				TEST_TARGET_NAME = BankLocator;
			};
			name = Release;
		};
/* End XCBuildConfiguration section */

/* Begin XCConfigurationList section */
		9CB04C65254D3BFF00758E39 /* Build configuration list for PBXProject "BankLocator" */ = {
			isa = XCConfigurationList;
			buildConfigurations = (
				9CB04C92254D3C0000758E39 /* Debug */,
				9CB04C93254D3C0000758E39 /* Release */,
			);
			defaultConfigurationIsVisible = 0;
			defaultConfigurationName = Release;
		};
		9CB04C94254D3C0000758E39 /* Build configuration list for PBXNativeTarget "BankLocator" */ = {
			isa = XCConfigurationList;
			buildConfigurations = (
				9CB04C95254D3C0000758E39 /* Debug */,
				9CB04C96254D3C0000758E39 /* Release */,
			);
			defaultConfigurationIsVisible = 0;
			defaultConfigurationName = Release;
		};
		9CB04C97254D3C0000758E39 /* Build configuration list for PBXNativeTarget "BankLocatorTests" */ = {
			isa = XCConfigurationList;
			buildConfigurations = (
				9CB04C98254D3C0000758E39 /* Debug */,
				9CB04C99254D3C0000758E39 /* Release */,
			);
			defaultConfigurationIsVisible = 0;
			defaultConfigurationName = Release;
		};
		9CB04C9A254D3C0000758E39 /* Build configuration list for PBXNativeTarget "BankLocatorUITests" */ = {
			isa = XCConfigurationList;
			buildConfigurations = (
				9CB04C9B254D3C0000758E39 /* Debug */,
				9CB04C9C254D3C0000758E39 /* Release */,
			);
			defaultConfigurationIsVisible = 0;
			defaultConfigurationName = Release;
		};
/* End XCConfigurationList section */
	};
	rootObject = 9CB04C62254D3BFF00758E39 /* Project object */;
}
